{
  "object": {
    "pins": [
      {
        "package": "BigInt",
        "repositoryURL": "https://github.com/attaswift/BigInt.git",
        "state": {
          "branch": null,
          "revision": "19f5e8a48be155e34abb98a2bcf4a343316f0343",
          "version": "5.0.0"
        }
      },
      {
        "package": "OrderedDictionary",
        "repositoryURL": "https://github.com/lukaskubanek/OrderedDictionary.git",
        "state": {
          "branch": null,
          "revision": "69ed90dcfc8cf380c81fd16c7a6d699e74870ad9",
          "version": "2.3.0"
        }
      }
    ]
  },
  "version": 1
}
